
Microsoft Visual Studio Solution File, Format Version 12.00
# Visual Studio 15
VisualStudioVersion = 15.0.28307.779
MinimumVisualStudioVersion = 10.0.40219.1
Project("{FAE04EC0-301F-11D3-BF4B-00C04F79EFBC}") = "Bruchrechner_Objektorientiert", "Bruchrechner_Objektorientiert\Bruchrechner_Objektorientiert.csproj", "{FFAB4FB5-16D4-4FA2-983D-3CCB0C479FB2}"
EndProject
Global
	GlobalSection(SolutionConfigurationPlatforms) = preSolution
		Debug|Any CPU = Debug|Any CPU
		Release|Any CPU = Release|Any CPU
	EndGlobalSection
	GlobalSection(ProjectConfigurationPlatforms) = postSolution
		{FFAB4FB5-16D4-4FA2-983D-3CCB0C479FB2}.Debug|Any CPU.ActiveCfg = Debug|Any CPU
		{FFAB4FB5-16D4-4FA2-983D-3CCB0C479FB2}.Debug|Any CPU.Build.0 = Debug|Any CPU
		{FFAB4FB5-16D4-4FA2-983D-3CCB0C479FB2}.Release|Any CPU.ActiveCfg = Release|Any CPU
		{FFAB4FB5-16D4-4FA2-983D-3CCB0C479FB2}.Release|Any CPU.Build.0 = Release|Any CPU
	EndGlobalSection
	GlobalSection(SolutionProperties) = preSolution
		HideSolutionNode = FALSE
	EndGlobalSection
	GlobalSection(ExtensibilityGlobals) = postSolution
		SolutionGuid = {306E5B82-3526-431A-8459-D9BD0D913336}
	EndGlobalSection
EndGlobal
